
Microsoft Visual Studio Solution File, Format Version 12.00
# Visual Studio Version 17
VisualStudioVersion = 17.7.34221.43
MinimumVisualStudioVersion = 10.0.40219.1
Project("{FAE04EC0-301F-11D3-BF4B-00C04F79EFBC}") = "Core Layer", "Core Layer\Core Layer.csproj", "{F2D23F89-E9C3-4B64-B811-4D078D17D169}"
EndProject
Project("{FAE04EC0-301F-11D3-BF4B-00C04F79EFBC}") = "Application Layer", "Application Layer\Application Layer.csproj", "{1662266B-85D4-4391-B2C1-091601F68615}"
EndProject
Project("{FAE04EC0-301F-11D3-BF4B-00C04F79EFBC}") = "Infrastructure Layer", "Infrastructure Layer\Infrastructure Layer.csproj", "{12B40EF9-7F29-4B3C-B0D7-DF4B1FEF882A}"
EndProject
Project("{FAE04EC0-301F-11D3-BF4B-00C04F79EFBC}") = "WebAPI", "WebAPI\WebAPI.csproj", "{72DE912A-29E4-4235-A4FF-D5981C86DEE6}"
EndProject
Global
	GlobalSection(SolutionConfigurationPlatforms) = preSolution
		Debug|Any CPU = Debug|Any CPU
		Release|Any CPU = Release|Any CPU
	EndGlobalSection
	GlobalSection(ProjectConfigurationPlatforms) = postSolution
		{F2D23F89-E9C3-4B64-B811-4D078D17D169}.Debug|Any CPU.ActiveCfg = Debug|Any CPU
		{F2D23F89-E9C3-4B64-B811-4D078D17D169}.Debug|Any CPU.Build.0 = Debug|Any CPU
		{F2D23F89-E9C3-4B64-B811-4D078D17D169}.Release|Any CPU.ActiveCfg = Release|Any CPU
		{F2D23F89-E9C3-4B64-B811-4D078D17D169}.Release|Any CPU.Build.0 = Release|Any CPU
		{1662266B-85D4-4391-B2C1-091601F68615}.Debug|Any CPU.ActiveCfg = Debug|Any CPU
		{1662266B-85D4-4391-B2C1-091601F68615}.Debug|Any CPU.Build.0 = Debug|Any CPU
		{1662266B-85D4-4391-B2C1-091601F68615}.Release|Any CPU.ActiveCfg = Release|Any CPU
		{1662266B-85D4-4391-B2C1-091601F68615}.Release|Any CPU.Build.0 = Release|Any CPU
		{12B40EF9-7F29-4B3C-B0D7-DF4B1FEF882A}.Debug|Any CPU.ActiveCfg = Debug|Any CPU
		{12B40EF9-7F29-4B3C-B0D7-DF4B1FEF882A}.Debug|Any CPU.Build.0 = Debug|Any CPU
		{12B40EF9-7F29-4B3C-B0D7-DF4B1FEF882A}.Release|Any CPU.ActiveCfg = Release|Any CPU
		{12B40EF9-7F29-4B3C-B0D7-DF4B1FEF882A}.Release|Any CPU.Build.0 = Release|Any CPU
		{72DE912A-29E4-4235-A4FF-D5981C86DEE6}.Debug|Any CPU.ActiveCfg = Debug|Any CPU
		{72DE912A-29E4-4235-A4FF-D5981C86DEE6}.Debug|Any CPU.Build.0 = Debug|Any CPU
		{72DE912A-29E4-4235-A4FF-D5981C86DEE6}.Release|Any CPU.ActiveCfg = Release|Any CPU
		{72DE912A-29E4-4235-A4FF-D5981C86DEE6}.Release|Any CPU.Build.0 = Release|Any CPU
	EndGlobalSection
	GlobalSection(SolutionProperties) = preSolution
		HideSolutionNode = FALSE
	EndGlobalSection
	GlobalSection(ExtensibilityGlobals) = postSolution
		SolutionGuid = {161C8501-062D-48E1-A569-C5AC7CD065DA}
	EndGlobalSection
EndGlobal
